{
    "requires": true,
    "lockfileVersion": 1,
    "dependencies": {
        "filterizr": {
            "version": "1.3.5",
            "resolved": "https://registry.npmjs.org/filterizr/-/filterizr-1.3.5.tgz",
            "integrity": "sha512-hkkjkkgAxnlAkO3MQh4hdouZMiVOtg1sUv/33x5qsm5ZM7pQiZFMGUiqpABy4q2IFvmSO6CUmK6b3ZGRrw9Oxg=="
        }
    }
}
